
Microsoft Visual Studio Solution File, Format Version 12.00
# Visual Studio Version 17
VisualStudioVersion = 17.1.32210.238
MinimumVisualStudioVersion = 10.0.40219.1
Project("{FAE04EC0-301F-11D3-BF4B-00C04F79EFBC}") = "BaiKiemGiuaKi2", "BaiKiemGiuaKi2\BaiKiemGiuaKi2.csproj", "{95964528-185C-480C-B378-E26E30C9A680}"
EndProject
Global
	GlobalSection(SolutionConfigurationPlatforms) = preSolution
		Debug|Any CPU = Debug|Any CPU
		Release|Any CPU = Release|Any CPU
	EndGlobalSection
	GlobalSection(ProjectConfigurationPlatforms) = postSolution
		{95964528-185C-480C-B378-E26E30C9A680}.Debug|Any CPU.ActiveCfg = Debug|Any CPU
		{95964528-185C-480C-B378-E26E30C9A680}.Debug|Any CPU.Build.0 = Debug|Any CPU
		{95964528-185C-480C-B378-E26E30C9A680}.Release|Any CPU.ActiveCfg = Release|Any CPU
		{95964528-185C-480C-B378-E26E30C9A680}.Release|Any CPU.Build.0 = Release|Any CPU
	EndGlobalSection
	GlobalSection(SolutionProperties) = preSolution
		HideSolutionNode = FALSE
	EndGlobalSection
	GlobalSection(ExtensibilityGlobals) = postSolution
		SolutionGuid = {5FF52CE5-B132-48E4-B60A-F25FA9C555B3}
	EndGlobalSection
EndGlobal
