
Microsoft Visual Studio Solution File, Format Version 12.00
# Visual Studio Version 17
VisualStudioVersion = 17.0.32126.317
MinimumVisualStudioVersion = 10.0.40219.1
Project("{FAE04EC0-301F-11D3-BF4B-00C04F79EFBC}") = "Lich", "Lich.csproj", "{FDD4DD53-4257-4E65-9E3F-A015C37915DD}"
EndProject
Global
	GlobalSection(SolutionConfigurationPlatforms) = preSolution
		Debug|Any CPU = Debug|Any CPU
		Release|Any CPU = Release|Any CPU
	EndGlobalSection
	GlobalSection(ProjectConfigurationPlatforms) = postSolution
		{FDD4DD53-4257-4E65-9E3F-A015C37915DD}.Debug|Any CPU.ActiveCfg = Debug|Any CPU
		{FDD4DD53-4257-4E65-9E3F-A015C37915DD}.Debug|Any CPU.Build.0 = Debug|Any CPU
		{FDD4DD53-4257-4E65-9E3F-A015C37915DD}.Release|Any CPU.ActiveCfg = Release|Any CPU
		{FDD4DD53-4257-4E65-9E3F-A015C37915DD}.Release|Any CPU.Build.0 = Release|Any CPU
	EndGlobalSection
	GlobalSection(SolutionProperties) = preSolution
		HideSolutionNode = FALSE
	EndGlobalSection
	GlobalSection(ExtensibilityGlobals) = postSolution
		SolutionGuid = {1A433833-2E93-4948-8A91-228B54D4BB76}
	EndGlobalSection
EndGlobal
