
Microsoft Visual Studio Solution File, Format Version 12.00
# Visual Studio Version 17
VisualStudioVersion = 17.0.32126.317
MinimumVisualStudioVersion = 10.0.40219.1
Project("{FAE04EC0-301F-11D3-BF4B-00C04F79EFBC}") = "OOP_baiTap", "OOP_baiTap.csproj", "{B34A2AC9-A3D1-4D30-AF70-3A26442903F5}"
EndProject
Global
	GlobalSection(SolutionConfigurationPlatforms) = preSolution
		Debug|Any CPU = Debug|Any CPU
		Release|Any CPU = Release|Any CPU
	EndGlobalSection
	GlobalSection(ProjectConfigurationPlatforms) = postSolution
		{B34A2AC9-A3D1-4D30-AF70-3A26442903F5}.Debug|Any CPU.ActiveCfg = Debug|Any CPU
		{B34A2AC9-A3D1-4D30-AF70-3A26442903F5}.Debug|Any CPU.Build.0 = Debug|Any CPU
		{B34A2AC9-A3D1-4D30-AF70-3A26442903F5}.Release|Any CPU.ActiveCfg = Release|Any CPU
		{B34A2AC9-A3D1-4D30-AF70-3A26442903F5}.Release|Any CPU.Build.0 = Release|Any CPU
	EndGlobalSection
	GlobalSection(SolutionProperties) = preSolution
		HideSolutionNode = FALSE
	EndGlobalSection
	GlobalSection(ExtensibilityGlobals) = postSolution
		SolutionGuid = {EDF20307-1519-4305-B930-B88BD2D15124}
	EndGlobalSection
EndGlobal
