
Microsoft Visual Studio Solution File, Format Version 12.00
# Visual Studio Version 17
VisualStudioVersion = 17.0.32126.317
MinimumVisualStudioVersion = 10.0.40219.1
Project("{FAE04EC0-301F-11D3-BF4B-00C04F79EFBC}") = "In_Thong_Tin_Sinh_Vien", "In_Thong_Tin_Sinh_Vien.csproj", "{23C3152D-7542-41FF-A214-4F96EF98E278}"
EndProject
Global
	GlobalSection(SolutionConfigurationPlatforms) = preSolution
		Debug|Any CPU = Debug|Any CPU
		Release|Any CPU = Release|Any CPU
	EndGlobalSection
	GlobalSection(ProjectConfigurationPlatforms) = postSolution
		{23C3152D-7542-41FF-A214-4F96EF98E278}.Debug|Any CPU.ActiveCfg = Debug|Any CPU
		{23C3152D-7542-41FF-A214-4F96EF98E278}.Debug|Any CPU.Build.0 = Debug|Any CPU
		{23C3152D-7542-41FF-A214-4F96EF98E278}.Release|Any CPU.ActiveCfg = Release|Any CPU
		{23C3152D-7542-41FF-A214-4F96EF98E278}.Release|Any CPU.Build.0 = Release|Any CPU
	EndGlobalSection
	GlobalSection(SolutionProperties) = preSolution
		HideSolutionNode = FALSE
	EndGlobalSection
	GlobalSection(ExtensibilityGlobals) = postSolution
		SolutionGuid = {BC8D290F-A5FF-457E-98B7-F661EBE175EF}
	EndGlobalSection
EndGlobal
